
Microsoft Visual Studio Solution File, Format Version 12.00
# Visual Studio 2012
Project("{FAE04EC0-301F-11D3-BF4B-00C04F79EFBC}") = "FindMe", "FindMe\FindMe.csproj", "{9BCAFB95-CCA0-4213-9221-F6A2BE3D98D4}"
EndProject
Project("{FAE04EC0-301F-11D3-BF4B-00C04F79EFBC}") = "FindMe.iOS", "iOS\FindMe.iOS.csproj", "{653346A8-CF02-4C69-8FCC-93992E8B01C5}"
EndProject
Project("{FAE04EC0-301F-11D3-BF4B-00C04F79EFBC}") = "FindMe.Droid", "Droid\FindMe.Droid.csproj", "{F1B8EA61-EE35-4463-A1C5-BA2B1EF89ED9}"
EndProject
Global
	GlobalSection(SolutionConfigurationPlatforms) = preSolution
		Debug|Any CPU = Debug|Any CPU
		Release|Any CPU = Release|Any CPU
		Debug|iPhoneSimulator = Debug|iPhoneSimulator
		Release|iPhone = Release|iPhone
		Release|iPhoneSimulator = Release|iPhoneSimulator
		Debug|iPhone = Debug|iPhone
	EndGlobalSection
	GlobalSection(ProjectConfigurationPlatforms) = postSolution
		{653346A8-CF02-4C69-8FCC-93992E8B01C5}.Debug|Any CPU.ActiveCfg = Debug|iPhoneSimulator
		{653346A8-CF02-4C69-8FCC-93992E8B01C5}.Debug|Any CPU.Build.0 = Debug|iPhoneSimulator
		{653346A8-CF02-4C69-8FCC-93992E8B01C5}.Debug|iPhone.ActiveCfg = Debug|iPhone
		{653346A8-CF02-4C69-8FCC-93992E8B01C5}.Debug|iPhone.Build.0 = Debug|iPhone
		{653346A8-CF02-4C69-8FCC-93992E8B01C5}.Debug|iPhoneSimulator.ActiveCfg = Debug|iPhoneSimulator
		{653346A8-CF02-4C69-8FCC-93992E8B01C5}.Debug|iPhoneSimulator.Build.0 = Debug|iPhoneSimulator
		{653346A8-CF02-4C69-8FCC-93992E8B01C5}.Release|Any CPU.ActiveCfg = Release|iPhone
		{653346A8-CF02-4C69-8FCC-93992E8B01C5}.Release|Any CPU.Build.0 = Release|iPhone
		{653346A8-CF02-4C69-8FCC-93992E8B01C5}.Release|iPhone.ActiveCfg = Release|iPhone
		{653346A8-CF02-4C69-8FCC-93992E8B01C5}.Release|iPhone.Build.0 = Release|iPhone
		{653346A8-CF02-4C69-8FCC-93992E8B01C5}.Release|iPhoneSimulator.ActiveCfg = Release|iPhoneSimulator
		{653346A8-CF02-4C69-8FCC-93992E8B01C5}.Release|iPhoneSimulator.Build.0 = Release|iPhoneSimulator
		{9BCAFB95-CCA0-4213-9221-F6A2BE3D98D4}.Debug|Any CPU.ActiveCfg = Debug|Any CPU
		{9BCAFB95-CCA0-4213-9221-F6A2BE3D98D4}.Debug|Any CPU.Build.0 = Debug|Any CPU
		{9BCAFB95-CCA0-4213-9221-F6A2BE3D98D4}.Debug|iPhone.ActiveCfg = Debug|Any CPU
		{9BCAFB95-CCA0-4213-9221-F6A2BE3D98D4}.Debug|iPhone.Build.0 = Debug|Any CPU
		{9BCAFB95-CCA0-4213-9221-F6A2BE3D98D4}.Debug|iPhoneSimulator.ActiveCfg = Debug|Any CPU
		{9BCAFB95-CCA0-4213-9221-F6A2BE3D98D4}.Debug|iPhoneSimulator.Build.0 = Debug|Any CPU
		{9BCAFB95-CCA0-4213-9221-F6A2BE3D98D4}.Release|Any CPU.ActiveCfg = Release|Any CPU
		{9BCAFB95-CCA0-4213-9221-F6A2BE3D98D4}.Release|Any CPU.Build.0 = Release|Any CPU
		{9BCAFB95-CCA0-4213-9221-F6A2BE3D98D4}.Release|iPhone.ActiveCfg = Release|Any CPU
		{9BCAFB95-CCA0-4213-9221-F6A2BE3D98D4}.Release|iPhone.Build.0 = Release|Any CPU
		{9BCAFB95-CCA0-4213-9221-F6A2BE3D98D4}.Release|iPhoneSimulator.ActiveCfg = Release|Any CPU
		{9BCAFB95-CCA0-4213-9221-F6A2BE3D98D4}.Release|iPhoneSimulator.Build.0 = Release|Any CPU
		{F1B8EA61-EE35-4463-A1C5-BA2B1EF89ED9}.Debug|Any CPU.ActiveCfg = Debug|Any CPU
		{F1B8EA61-EE35-4463-A1C5-BA2B1EF89ED9}.Debug|Any CPU.Build.0 = Debug|Any CPU
		{F1B8EA61-EE35-4463-A1C5-BA2B1EF89ED9}.Debug|iPhone.ActiveCfg = Debug|Any CPU
		{F1B8EA61-EE35-4463-A1C5-BA2B1EF89ED9}.Debug|iPhone.Build.0 = Debug|Any CPU
		{F1B8EA61-EE35-4463-A1C5-BA2B1EF89ED9}.Debug|iPhoneSimulator.ActiveCfg = Debug|Any CPU
		{F1B8EA61-EE35-4463-A1C5-BA2B1EF89ED9}.Debug|iPhoneSimulator.Build.0 = Debug|Any CPU
		{F1B8EA61-EE35-4463-A1C5-BA2B1EF89ED9}.Release|Any CPU.ActiveCfg = Release|Any CPU
		{F1B8EA61-EE35-4463-A1C5-BA2B1EF89ED9}.Release|Any CPU.Build.0 = Release|Any CPU
		{F1B8EA61-EE35-4463-A1C5-BA2B1EF89ED9}.Release|iPhone.ActiveCfg = Release|Any CPU
		{F1B8EA61-EE35-4463-A1C5-BA2B1EF89ED9}.Release|iPhone.Build.0 = Release|Any CPU
		{F1B8EA61-EE35-4463-A1C5-BA2B1EF89ED9}.Release|iPhoneSimulator.ActiveCfg = Release|Any CPU
		{F1B8EA61-EE35-4463-A1C5-BA2B1EF89ED9}.Release|iPhoneSimulator.Build.0 = Release|Any CPU
	EndGlobalSection
EndGlobal
